
Microsoft Visual Studio Solution File, Format Version 12.00
# Visual Studio 2012
Project("{2150E333-8FDC-42A3-9474-1A3956D46DE8}") = "Services", "Services", "{951275A4-E4AD-4A63-924E-51773EE72EB9}"
EndProject
Project("{2150E333-8FDC-42A3-9474-1A3956D46DE8}") = "Client", "Client", "{D6EA250A-8D2C-48F9-BBB2-049EB2F16DD4}"
EndProject
Project("{FAE04EC0-301F-11D3-BF4B-00C04F79EFBC}") = "HYPDM.WinUI", "HYPDM.UI\HYPDM.WinUI.csproj", "{FD113808-ADBF-4CFA-88B8-AB06DEC82B9E}"
EndProject
Project("{FAE04EC0-301F-11D3-BF4B-00C04F79EFBC}") = "HYPDM.Start", "HYPDM.Start\HYPDM.Start.csproj", "{0BB8A791-4F92-479F-9E8B-C9B8E32F1E8B}"
EndProject
Project("{FAE04EC0-301F-11D3-BF4B-00C04F79EFBC}") = "HYPDM.Res", "HYPDM.Res\HYPDM.Res.csproj", "{B98CC149-6CEB-47F3-9AA3-E650CB4F9C46}"
EndProject
Project("{FAE04EC0-301F-11D3-BF4B-00C04F79EFBC}") = "HYPDM.BLL.Contracts", "HYPDM.BLL.Contracts\HYPDM.BLL.Contracts.csproj", "{80350255-D508-4BF1-AFD0-AD030BEB3941}"
EndProject
Project("{FAE04EC0-301F-11D3-BF4B-00C04F79EFBC}") = "HYPDM.BLL.Host", "HYPDM.BLL.Host\HYPDM.BLL.Host.csproj", "{110CA2F7-B0BB-44AC-A569-83D508CE3924}"
EndProject
Project("{FAE04EC0-301F-11D3-BF4B-00C04F79EFBC}") = "HYPDM.Entities", "HYPDM.Entities\HYPDM.Entities.csproj", "{1BA28815-DCA6-43B4-B98C-3A62DDC113F9}"
EndProject
Project("{FAE04EC0-301F-11D3-BF4B-00C04F79EFBC}") = "HYPDM.BaseControl", "HYMes.WinUI.BaseControl\HYPDM.BaseControl.csproj", "{B948917D-1936-4F8D-9F58-9F045D267CCD}"
EndProject
Project("{FAE04EC0-301F-11D3-BF4B-00C04F79EFBC}") = "HYDocumentMS", "HYDocumentMS\HYDocumentMS.csproj", "{FAA732AE-C3FC-481F-A7E5-21CF267B397A}"
EndProject
Project("{FAE04EC0-301F-11D3-BF4B-00C04F79EFBC}") = "FileSockClient", "FileSockClient\FileSockClient\FileSockClient.csproj", "{1ECFAF3A-6C33-4C11-AAFD-9E4988435E3A}"
EndProject
Project("{FAE04EC0-301F-11D3-BF4B-00C04F79EFBC}") = "HYPDM.WorkSpace", "HYPDM.WorkSpace\HYPDM.WorkSpace.csproj", "{17E71B26-0E11-495D-A71D-AF43ACC02C04}"
EndProject
Project("{2150E333-8FDC-42A3-9474-1A3956D46DE8}") = "Plugins", "Plugins", "{CF3ED6F2-21B4-48DA-8359-0ACAF4310983}"
EndProject
Project("{FAE04EC0-301F-11D3-BF4B-00C04F79EFBC}") = "AutoCadPlugins", "AutoCadPlugins\AutoCadPlugins.csproj", "{46882213-62AA-45ED-B9DF-634D28AE683E}"
EndProject
Global
	GlobalSection(SolutionConfigurationPlatforms) = preSolution
		Debug|Any CPU = Debug|Any CPU
		Release|Any CPU = Release|Any CPU
	EndGlobalSection
	GlobalSection(ProjectConfigurationPlatforms) = postSolution
		{FD113808-ADBF-4CFA-88B8-AB06DEC82B9E}.Debug|Any CPU.ActiveCfg = Debug|Any CPU
		{FD113808-ADBF-4CFA-88B8-AB06DEC82B9E}.Debug|Any CPU.Build.0 = Debug|Any CPU
		{FD113808-ADBF-4CFA-88B8-AB06DEC82B9E}.Release|Any CPU.ActiveCfg = Release|Any CPU
		{FD113808-ADBF-4CFA-88B8-AB06DEC82B9E}.Release|Any CPU.Build.0 = Release|Any CPU
		{0BB8A791-4F92-479F-9E8B-C9B8E32F1E8B}.Debug|Any CPU.ActiveCfg = Debug|Any CPU
		{0BB8A791-4F92-479F-9E8B-C9B8E32F1E8B}.Debug|Any CPU.Build.0 = Debug|Any CPU
		{0BB8A791-4F92-479F-9E8B-C9B8E32F1E8B}.Release|Any CPU.ActiveCfg = Release|Any CPU
		{0BB8A791-4F92-479F-9E8B-C9B8E32F1E8B}.Release|Any CPU.Build.0 = Release|Any CPU
		{B98CC149-6CEB-47F3-9AA3-E650CB4F9C46}.Debug|Any CPU.ActiveCfg = Debug|Any CPU
		{B98CC149-6CEB-47F3-9AA3-E650CB4F9C46}.Debug|Any CPU.Build.0 = Debug|Any CPU
		{B98CC149-6CEB-47F3-9AA3-E650CB4F9C46}.Release|Any CPU.ActiveCfg = Release|Any CPU
		{B98CC149-6CEB-47F3-9AA3-E650CB4F9C46}.Release|Any CPU.Build.0 = Release|Any CPU
		{80350255-D508-4BF1-AFD0-AD030BEB3941}.Debug|Any CPU.ActiveCfg = Debug|Any CPU
		{80350255-D508-4BF1-AFD0-AD030BEB3941}.Debug|Any CPU.Build.0 = Debug|Any CPU
		{80350255-D508-4BF1-AFD0-AD030BEB3941}.Release|Any CPU.ActiveCfg = Release|Any CPU
		{80350255-D508-4BF1-AFD0-AD030BEB3941}.Release|Any CPU.Build.0 = Release|Any CPU
		{110CA2F7-B0BB-44AC-A569-83D508CE3924}.Debug|Any CPU.ActiveCfg = Debug|Any CPU
		{110CA2F7-B0BB-44AC-A569-83D508CE3924}.Debug|Any CPU.Build.0 = Debug|Any CPU
		{110CA2F7-B0BB-44AC-A569-83D508CE3924}.Release|Any CPU.ActiveCfg = Release|Any CPU
		{110CA2F7-B0BB-44AC-A569-83D508CE3924}.Release|Any CPU.Build.0 = Release|Any CPU
		{1BA28815-DCA6-43B4-B98C-3A62DDC113F9}.Debug|Any CPU.ActiveCfg = Debug|Any CPU
		{1BA28815-DCA6-43B4-B98C-3A62DDC113F9}.Debug|Any CPU.Build.0 = Debug|Any CPU
		{1BA28815-DCA6-43B4-B98C-3A62DDC113F9}.Release|Any CPU.ActiveCfg = Release|Any CPU
		{1BA28815-DCA6-43B4-B98C-3A62DDC113F9}.Release|Any CPU.Build.0 = Release|Any CPU
		{B948917D-1936-4F8D-9F58-9F045D267CCD}.Debug|Any CPU.ActiveCfg = Debug|Any CPU
		{B948917D-1936-4F8D-9F58-9F045D267CCD}.Debug|Any CPU.Build.0 = Debug|Any CPU
		{B948917D-1936-4F8D-9F58-9F045D267CCD}.Release|Any CPU.ActiveCfg = Release|Any CPU
		{B948917D-1936-4F8D-9F58-9F045D267CCD}.Release|Any CPU.Build.0 = Release|Any CPU
		{FAA732AE-C3FC-481F-A7E5-21CF267B397A}.Debug|Any CPU.ActiveCfg = Debug|Any CPU
		{FAA732AE-C3FC-481F-A7E5-21CF267B397A}.Debug|Any CPU.Build.0 = Debug|Any CPU
		{FAA732AE-C3FC-481F-A7E5-21CF267B397A}.Release|Any CPU.ActiveCfg = Release|Any CPU
		{FAA732AE-C3FC-481F-A7E5-21CF267B397A}.Release|Any CPU.Build.0 = Release|Any CPU
		{1ECFAF3A-6C33-4C11-AAFD-9E4988435E3A}.Debug|Any CPU.ActiveCfg = Debug|Any CPU
		{1ECFAF3A-6C33-4C11-AAFD-9E4988435E3A}.Debug|Any CPU.Build.0 = Debug|Any CPU
		{1ECFAF3A-6C33-4C11-AAFD-9E4988435E3A}.Release|Any CPU.ActiveCfg = Release|Any CPU
		{1ECFAF3A-6C33-4C11-AAFD-9E4988435E3A}.Release|Any CPU.Build.0 = Release|Any CPU
		{17E71B26-0E11-495D-A71D-AF43ACC02C04}.Debug|Any CPU.ActiveCfg = Debug|Any CPU
		{17E71B26-0E11-495D-A71D-AF43ACC02C04}.Debug|Any CPU.Build.0 = Debug|Any CPU
		{17E71B26-0E11-495D-A71D-AF43ACC02C04}.Release|Any CPU.ActiveCfg = Release|Any CPU
		{17E71B26-0E11-495D-A71D-AF43ACC02C04}.Release|Any CPU.Build.0 = Release|Any CPU
		{46882213-62AA-45ED-B9DF-634D28AE683E}.Debug|Any CPU.ActiveCfg = Debug|Any CPU
		{46882213-62AA-45ED-B9DF-634D28AE683E}.Debug|Any CPU.Build.0 = Debug|Any CPU
		{46882213-62AA-45ED-B9DF-634D28AE683E}.Release|Any CPU.ActiveCfg = Release|Any CPU
		{46882213-62AA-45ED-B9DF-634D28AE683E}.Release|Any CPU.Build.0 = Release|Any CPU
	EndGlobalSection
	GlobalSection(SolutionProperties) = preSolution
		HideSolutionNode = FALSE
	EndGlobalSection
	GlobalSection(NestedProjects) = preSolution
		{80350255-D508-4BF1-AFD0-AD030BEB3941} = {951275A4-E4AD-4A63-924E-51773EE72EB9}
		{110CA2F7-B0BB-44AC-A569-83D508CE3924} = {951275A4-E4AD-4A63-924E-51773EE72EB9}
		{1BA28815-DCA6-43B4-B98C-3A62DDC113F9} = {951275A4-E4AD-4A63-924E-51773EE72EB9}
		{FD113808-ADBF-4CFA-88B8-AB06DEC82B9E} = {D6EA250A-8D2C-48F9-BBB2-049EB2F16DD4}
		{0BB8A791-4F92-479F-9E8B-C9B8E32F1E8B} = {D6EA250A-8D2C-48F9-BBB2-049EB2F16DD4}
		{B98CC149-6CEB-47F3-9AA3-E650CB4F9C46} = {D6EA250A-8D2C-48F9-BBB2-049EB2F16DD4}
		{B948917D-1936-4F8D-9F58-9F045D267CCD} = {D6EA250A-8D2C-48F9-BBB2-049EB2F16DD4}
		{FAA732AE-C3FC-481F-A7E5-21CF267B397A} = {D6EA250A-8D2C-48F9-BBB2-049EB2F16DD4}
		{1ECFAF3A-6C33-4C11-AAFD-9E4988435E3A} = {D6EA250A-8D2C-48F9-BBB2-049EB2F16DD4}
		{17E71B26-0E11-495D-A71D-AF43ACC02C04} = {D6EA250A-8D2C-48F9-BBB2-049EB2F16DD4}
		{46882213-62AA-45ED-B9DF-634D28AE683E} = {CF3ED6F2-21B4-48DA-8359-0ACAF4310983}
	EndGlobalSection
EndGlobal
