
Microsoft Visual Studio Solution File, Format Version 11.00
# Visual Studio 2010
Project("{FAE04EC0-301F-11D3-BF4B-00C04F79EFBC}") = "HYPDM", "HYPDM\HYPDM.csproj", "{F8C41DB3-FE6F-429B-A8B7-239B5D2C5DE2}"
EndProject
Global
	GlobalSection(SolutionConfigurationPlatforms) = preSolution
		Debug|Any CPU = Debug|Any CPU
		Release|Any CPU = Release|Any CPU
	EndGlobalSection
	GlobalSection(ProjectConfigurationPlatforms) = postSolution
		{F8C41DB3-FE6F-429B-A8B7-239B5D2C5DE2}.Debug|Any CPU.ActiveCfg = Debug|Any CPU
		{F8C41DB3-FE6F-429B-A8B7-239B5D2C5DE2}.Debug|Any CPU.Build.0 = Debug|Any CPU
		{F8C41DB3-FE6F-429B-A8B7-239B5D2C5DE2}.Release|Any CPU.ActiveCfg = Release|Any CPU
		{F8C41DB3-FE6F-429B-A8B7-239B5D2C5DE2}.Release|Any CPU.Build.0 = Release|Any CPU
	EndGlobalSection
	GlobalSection(SolutionProperties) = preSolution
		HideSolutionNode = FALSE
	EndGlobalSection
EndGlobal
